
Microsoft Visual Studio Solution File, Format Version 12.00
# Visual Studio 15
VisualStudioVersion = 15.0.26430.12
MinimumVisualStudioVersion = 10.0.40219.1
Project("{FAE04EC0-301F-11D3-BF4B-00C04F79EFBC}") = "UserApi.Api", "UserApi.Api\UserApi.Api.csproj", "{B022B476-FA0D-4E8E-A8D7-FA6BD0063F81}"
EndProject
Project("{FAE04EC0-301F-11D3-BF4B-00C04F79EFBC}") = "UserApi.Contracts", "UserApi.Contracts\UserApi.Contracts.csproj", "{0A6123A1-E5EE-47E7-92A1-73F90E50D4BC}"
EndProject
Project("{FAE04EC0-301F-11D3-BF4B-00C04F79EFBC}") = "UserApi.Entities", "UserApi.Entities\UserApi.Entities.csproj", "{49932307-4F11-4637-A92F-188911040263}"
EndProject
Project("{FAE04EC0-301F-11D3-BF4B-00C04F79EFBC}") = "UserApi.Tests", "UserApi.Tests\UserApi.Tests.csproj", "{18A1E5D1-0E9D-4406-AD22-29DCD07F8295}"
EndProject
Project("{FAE04EC0-301F-11D3-BF4B-00C04F79EFBC}") = "UserApi.Data", "UserApi.Data\UserApi.Data.csproj", "{4DC6F36E-A0B5-4CF6-95A6-BB7F7B917950}"
EndProject
Global
	GlobalSection(SolutionConfigurationPlatforms) = preSolution
		Debug|Any CPU = Debug|Any CPU
		Release|Any CPU = Release|Any CPU
	EndGlobalSection
	GlobalSection(ProjectConfigurationPlatforms) = postSolution
		{B022B476-FA0D-4E8E-A8D7-FA6BD0063F81}.Debug|Any CPU.ActiveCfg = Debug|Any CPU
		{B022B476-FA0D-4E8E-A8D7-FA6BD0063F81}.Debug|Any CPU.Build.0 = Debug|Any CPU
		{B022B476-FA0D-4E8E-A8D7-FA6BD0063F81}.Release|Any CPU.ActiveCfg = Release|Any CPU
		{B022B476-FA0D-4E8E-A8D7-FA6BD0063F81}.Release|Any CPU.Build.0 = Release|Any CPU
		{0A6123A1-E5EE-47E7-92A1-73F90E50D4BC}.Debug|Any CPU.ActiveCfg = Debug|Any CPU
		{0A6123A1-E5EE-47E7-92A1-73F90E50D4BC}.Debug|Any CPU.Build.0 = Debug|Any CPU
		{0A6123A1-E5EE-47E7-92A1-73F90E50D4BC}.Release|Any CPU.ActiveCfg = Release|Any CPU
		{0A6123A1-E5EE-47E7-92A1-73F90E50D4BC}.Release|Any CPU.Build.0 = Release|Any CPU
		{49932307-4F11-4637-A92F-188911040263}.Debug|Any CPU.ActiveCfg = Debug|Any CPU
		{49932307-4F11-4637-A92F-188911040263}.Debug|Any CPU.Build.0 = Debug|Any CPU
		{49932307-4F11-4637-A92F-188911040263}.Release|Any CPU.ActiveCfg = Release|Any CPU
		{49932307-4F11-4637-A92F-188911040263}.Release|Any CPU.Build.0 = Release|Any CPU
		{18A1E5D1-0E9D-4406-AD22-29DCD07F8295}.Debug|Any CPU.ActiveCfg = Debug|Any CPU
		{18A1E5D1-0E9D-4406-AD22-29DCD07F8295}.Debug|Any CPU.Build.0 = Debug|Any CPU
		{18A1E5D1-0E9D-4406-AD22-29DCD07F8295}.Release|Any CPU.ActiveCfg = Release|Any CPU
		{18A1E5D1-0E9D-4406-AD22-29DCD07F8295}.Release|Any CPU.Build.0 = Release|Any CPU
		{4DC6F36E-A0B5-4CF6-95A6-BB7F7B917950}.Debug|Any CPU.ActiveCfg = Debug|Any CPU
		{4DC6F36E-A0B5-4CF6-95A6-BB7F7B917950}.Debug|Any CPU.Build.0 = Debug|Any CPU
		{4DC6F36E-A0B5-4CF6-95A6-BB7F7B917950}.Release|Any CPU.ActiveCfg = Release|Any CPU
		{4DC6F36E-A0B5-4CF6-95A6-BB7F7B917950}.Release|Any CPU.Build.0 = Release|Any CPU
	EndGlobalSection
	GlobalSection(SolutionProperties) = preSolution
		HideSolutionNode = FALSE
	EndGlobalSection
EndGlobal
